// !$*UTF8*$!
{
	archiveVersion = 1;
	classes = {
	};
	objectVersion = 50;
	objects = {

/* Begin PBXBuildFile section */
		8B9EFD9623E1F99C00992C5B /* AppDelegate.swift in Sources */ = {isa = PBXBuildFile; fileRef = 8B9EFD9523E1F99C00992C5B /* AppDelegate.swift */; };
		8B9EFD9823E1F99C00992C5B /* SceneDelegate.swift in Sources */ = {isa = PBXBuildFile; fileRef = 8B9EFD9723E1F99C00992C5B /* SceneDelegate.swift */; };
		8B9EFD9A23E1F99C00992C5B /* ViewController.swift in Sources */ = {isa = PBXBuildFile; fileRef = 8B9EFD9923E1F99C00992C5B /* ViewController.swift */; };
		8B9EFD9D23E1F99C00992C5B /* Main.storyboard in Resources */ = {isa = PBXBuildFile; fileRef = 8B9EFD9B23E1F99C00992C5B /* Main.storyboard */; };
		8B9EFD9F23E1F9AE00992C5B /* Assets.xcassets in Resources */ = {isa = PBXBuildFile; fileRef = 8B9EFD9E23E1F9AE00992C5B /* Assets.xcassets */; };
		8B9EFDA223E1F9AE00992C5B /* LaunchScreen.storyboard in Resources */ = {isa = PBXBuildFile; fileRef = 8B9EFDA023E1F9AE00992C5B /* LaunchScreen.storyboard */; };
		8B9EFDAD23E1FBBD00992C5B /* WeatherModel.swift in Sources */ = {isa = PBXBuildFile; fileRef = 8B9EFDAC23E1FBBD00992C5B /* WeatherModel.swift */; };
		8B9EFDB023E1FC4800992C5B /* SearchWeatherVC.swift in Sources */ = {isa = PBXBuildFile; fileRef = 8B9EFDAF23E1FC4800992C5B /* SearchWeatherVC.swift */; };
		8B9EFDB223E1FC6D00992C5B /* WeatherDetailVC.swift in Sources */ = {isa = PBXBuildFile; fileRef = 8B9EFDB123E1FC6D00992C5B /* WeatherDetailVC.swift */; };
		8B9EFDB523E1FC9000992C5B /* NetworkManager.swift in Sources */ = {isa = PBXBuildFile; fileRef = 8B9EFDB423E1FC9000992C5B /* NetworkManager.swift */; };
		8B9EFDB823E209E400992C5B /* homeWork4.swift in Sources */ = {isa = PBXBuildFile; fileRef = 8B9EFDB723E209E400992C5B /* homeWork4.swift */; };
		AC5DA5ED23EA245100D42072 /* homeWork6.swift in Sources */ = {isa = PBXBuildFile; fileRef = AC5DA5EC23EA245100D42072 /* homeWork6.swift */; };
		AC5DA5F023EB2B9800D42072 /* homeWokr7.swift in Sources */ = {isa = PBXBuildFile; fileRef = AC5DA5EF23EB2B9800D42072 /* homeWokr7.swift */; };
/* End PBXBuildFile section */

/* Begin PBXFileReference section */
		8B9EFD9223E1F99C00992C5B /* Deer.app */ = {isa = PBXFileReference; explicitFileType = wrapper.application; includeInIndex = 0; path = Deer.app; sourceTree = BUILT_PRODUCTS_DIR; };
		8B9EFD9523E1F99C00992C5B /* AppDelegate.swift */ = {isa = PBXFileReference; lastKnownFileType = sourcecode.swift; path = AppDelegate.swift; sourceTree = "<group>"; };
		8B9EFD9723E1F99C00992C5B /* SceneDelegate.swift */ = {isa = PBXFileReference; lastKnownFileType = sourcecode.swift; path = SceneDelegate.swift; sourceTree = "<group>"; };
		8B9EFD9923E1F99C00992C5B /* ViewController.swift */ = {isa = PBXFileReference; lastKnownFileType = sourcecode.swift; path = ViewController.swift; sourceTree = "<group>"; };
		8B9EFD9C23E1F99C00992C5B /* Base */ = {isa = PBXFileReference; lastKnownFileType = file.storyboard; name = Base; path = Base.lproj/Main.storyboard; sourceTree = "<group>"; };
		8B9EFD9E23E1F9AE00992C5B /* Assets.xcassets */ = {isa = PBXFileReference; lastKnownFileType = folder.assetcatalog; path = Assets.xcassets; sourceTree = "<group>"; };
		8B9EFDA123E1F9AE00992C5B /* Base */ = {isa = PBXFileReference; lastKnownFileType = file.storyboard; name = Base; path = Base.lproj/LaunchScreen.storyboard; sourceTree = "<group>"; };
		8B9EFDA323E1F9AE00992C5B /* Info.plist */ = {isa = PBXFileReference; lastKnownFileType = text.plist.xml; path = Info.plist; sourceTree = "<group>"; };
		8B9EFDAC23E1FBBD00992C5B /* WeatherModel.swift */ = {isa = PBXFileReference; lastKnownFileType = sourcecode.swift; path = WeatherModel.swift; sourceTree = "<group>"; };
		8B9EFDAF23E1FC4800992C5B /* SearchWeatherVC.swift */ = {isa = PBXFileReference; lastKnownFileType = sourcecode.swift; path = SearchWeatherVC.swift; sourceTree = "<group>"; };
		8B9EFDB123E1FC6D00992C5B /* WeatherDetailVC.swift */ = {isa = PBXFileReference; lastKnownFileType = sourcecode.swift; path = WeatherDetailVC.swift; sourceTree = "<group>"; };
		8B9EFDB423E1FC9000992C5B /* NetworkManager.swift */ = {isa = PBXFileReference; lastKnownFileType = sourcecode.swift; path = NetworkManager.swift; sourceTree = "<group>"; };
		8B9EFDB723E209E400992C5B /* homeWork4.swift */ = {isa = PBXFileReference; lastKnownFileType = sourcecode.swift; path = homeWork4.swift; sourceTree = "<group>"; };
		AC5DA5EC23EA245100D42072 /* homeWork6.swift */ = {isa = PBXFileReference; lastKnownFileType = sourcecode.swift; path = homeWork6.swift; sourceTree = "<group>"; };
		AC5DA5EF23EB2B9800D42072 /* homeWokr7.swift */ = {isa = PBXFileReference; lastKnownFileType = sourcecode.swift; path = homeWokr7.swift; sourceTree = "<group>"; };
/* End PBXFileReference section */

/* Begin PBXFrameworksBuildPhase section */
		8B9EFD8F23E1F99C00992C5B /* Frameworks */ = {
			isa = PBXFrameworksBuildPhase;
			buildActionMask = 2147483647;
			files = (
			);
			runOnlyForDeploymentPostprocessing = 0;
		};
/* End PBXFrameworksBuildPhase section */

/* Begin PBXGroup section */
		8B9EFD8923E1F99C00992C5B = {
			isa = PBXGroup;
			children = (
				AC5DA5EE23EB2B7600D42072 /* HomeWork7 */,
				AC5DA5EB23EA22F100D42072 /* HomeWork6 */,
				8B9EFDB623E209AD00992C5B /* HomeWork4 */,
				8B9EFDB323E1FC7300992C5B /* Managers */,
				8B9EFDAE23E1FBCF00992C5B /* ViewControllers */,
				8B9EFDAB23E1FB6C00992C5B /* Group */,
				8B9EFD9423E1F99C00992C5B /* Deer */,
				8B9EFD9323E1F99C00992C5B /* Products */,
			);
			sourceTree = "<group>";
		};
		8B9EFD9323E1F99C00992C5B /* Products */ = {
			isa = PBXGroup;
			children = (
				8B9EFD9223E1F99C00992C5B /* Deer.app */,
			);
			name = Products;
			sourceTree = "<group>";
		};
		8B9EFD9423E1F99C00992C5B /* Deer */ = {
			isa = PBXGroup;
			children = (
				8B9EFD9523E1F99C00992C5B /* AppDelegate.swift */,
				8B9EFD9723E1F99C00992C5B /* SceneDelegate.swift */,
				8B9EFD9923E1F99C00992C5B /* ViewController.swift */,
				8B9EFD9B23E1F99C00992C5B /* Main.storyboard */,
				8B9EFD9E23E1F9AE00992C5B /* Assets.xcassets */,
				8B9EFDA023E1F9AE00992C5B /* LaunchScreen.storyboard */,
				8B9EFDA323E1F9AE00992C5B /* Info.plist */,
			);
			path = Deer;
			sourceTree = "<group>";
		};
		8B9EFDAB23E1FB6C00992C5B /* Group */ = {
			isa = PBXGroup;
			children = (
				8B9EFDAC23E1FBBD00992C5B /* WeatherModel.swift */,
			);
			path = Group;
			sourceTree = "<group>";
		};
		8B9EFDAE23E1FBCF00992C5B /* ViewControllers */ = {
			isa = PBXGroup;
			children = (
				8B9EFDAF23E1FC4800992C5B /* SearchWeatherVC.swift */,
				8B9EFDB123E1FC6D00992C5B /* WeatherDetailVC.swift */,
			);
			path = ViewControllers;
			sourceTree = "<group>";
		};
		8B9EFDB323E1FC7300992C5B /* Managers */ = {
			isa = PBXGroup;
			children = (
				8B9EFDB423E1FC9000992C5B /* NetworkManager.swift */,
			);
			path = Managers;
			sourceTree = "<group>";
		};
		8B9EFDB623E209AD00992C5B /* HomeWork4 */ = {
			isa = PBXGroup;
			children = (
				8B9EFDB723E209E400992C5B /* homeWork4.swift */,
			);
			path = HomeWork4;
			sourceTree = "<group>";
		};
		AC5DA5EB23EA22F100D42072 /* HomeWork6 */ = {
			isa = PBXGroup;
			children = (
				AC5DA5EC23EA245100D42072 /* homeWork6.swift */,
			);
			path = HomeWork6;
			sourceTree = "<group>";
		};
		AC5DA5EE23EB2B7600D42072 /* HomeWork7 */ = {
			isa = PBXGroup;
			children = (
				AC5DA5EF23EB2B9800D42072 /* homeWokr7.swift */,
			);
			path = HomeWork7;
			sourceTree = "<group>";
		};
/* End PBXGroup section */

/* Begin PBXNativeTarget section */
		8B9EFD9123E1F99C00992C5B /* Deer */ = {
			isa = PBXNativeTarget;
			buildConfigurationList = 8B9EFDA623E1F9AE00992C5B /* Build configuration list for PBXNativeTarget "Deer" */;
			buildPhases = (
				8B9EFD8E23E1F99C00992C5B /* Sources */,
				8B9EFD8F23E1F99C00992C5B /* Frameworks */,
				8B9EFD9023E1F99C00992C5B /* Resources */,
			);
			buildRules = (
			);
			dependencies = (
			);
			name = Deer;
			productName = Deer;
			productReference = 8B9EFD9223E1F99C00992C5B /* Deer.app */;
			productType = "com.apple.product-type.application";
		};
/* End PBXNativeTarget section */

/* Begin PBXProject section */
		8B9EFD8A23E1F99C00992C5B /* Project object */ = {
			isa = PBXProject;
			attributes = {
				LastSwiftUpdateCheck = 1130;
				LastUpgradeCheck = 1130;
				ORGANIZATIONNAME = "triare-imac";
				TargetAttributes = {
					8B9EFD9123E1F99C00992C5B = {
						CreatedOnToolsVersion = 11.3.1;
					};
				};
			};
			buildConfigurationList = 8B9EFD8D23E1F99C00992C5B /* Build configuration list for PBXProject "Deer" */;
			compatibilityVersion = "Xcode 9.3";
			developmentRegion = en;
			hasScannedForEncodings = 0;
			knownRegions = (
				en,
				Base,
			);
			mainGroup = 8B9EFD8923E1F99C00992C5B;
			productRefGroup = 8B9EFD9323E1F99C00992C5B /* Products */;
			projectDirPath = "";
			projectRoot = "";
			targets = (
				8B9EFD9123E1F99C00992C5B /* Deer */,
			);
		};
/* End PBXProject section */

/* Begin PBXResourcesBuildPhase section */
		8B9EFD9023E1F99C00992C5B /* Resources */ = {
			isa = PBXResourcesBuildPhase;
			buildActionMask = 2147483647;
			files = (
				8B9EFDA223E1F9AE00992C5B /* LaunchScreen.storyboard in Resources */,
				8B9EFD9F23E1F9AE00992C5B /* Assets.xcassets in Resources */,
				8B9EFD9D23E1F99C00992C5B /* Main.storyboard in Resources */,
			);
			runOnlyForDeploymentPostprocessing = 0;
		};
/* End PBXResourcesBuildPhase section */

/* Begin PBXSourcesBuildPhase section */
		8B9EFD8E23E1F99C00992C5B /* Sources */ = {
			isa = PBXSourcesBuildPhase;
			buildActionMask = 2147483647;
			files = (
				8B9EFD9A23E1F99C00992C5B /* ViewController.swift in Sources */,
				8B9EFD9623E1F99C00992C5B /* AppDelegate.swift in Sources */,
				8B9EFDB823E209E400992C5B /* homeWork4.swift in Sources */,
				8B9EFDB223E1FC6D00992C5B /* WeatherDetailVC.swift in Sources */,
				AC5DA5ED23EA245100D42072 /* homeWork6.swift in Sources */,
				8B9EFDB523E1FC9000992C5B /* NetworkManager.swift in Sources */,
				8B9EFDAD23E1FBBD00992C5B /* WeatherModel.swift in Sources */,
				8B9EFD9823E1F99C00992C5B /* SceneDelegate.swift in Sources */,
				8B9EFDB023E1FC4800992C5B /* SearchWeatherVC.swift in Sources */,
				AC5DA5F023EB2B9800D42072 /* homeWokr7.swift in Sources */,
			);
			runOnlyForDeploymentPostprocessing = 0;
		};
/* End PBXSourcesBuildPhase section */

/* Begin PBXVariantGroup section */
		8B9EFD9B23E1F99C00992C5B /* Main.storyboard */ = {
			isa = PBXVariantGroup;
			children = (
				8B9EFD9C23E1F99C00992C5B /* Base */,
			);
			name = Main.storyboard;
			sourceTree = "<group>";
		};
		8B9EFDA023E1F9AE00992C5B /* LaunchScreen.storyboard */ = {
			isa = PBXVariantGroup;
			children = (
				8B9EFDA123E1F9AE00992C5B /* Base */,
			);
			name = LaunchScreen.storyboard;
			sourceTree = "<group>";
		};
/* End PBXVariantGroup section */

/* Begin XCBuildConfiguration section */
		8B9EFDA423E1F9AE00992C5B /* Debug */ = {
			isa = XCBuildConfiguration;
			buildSettings = {
				ALWAYS_SEARCH_USER_PATHS = NO;
				CLANG_ANALYZER_NONNULL = YES;
				CLANG_ANALYZER_NUMBER_OBJECT_CONVERSION = YES_AGGRESSIVE;
				CLANG_CXX_LANGUAGE_STANDARD = "gnu++14";
				CLANG_CXX_LIBRARY = "libc++";
				CLANG_ENABLE_MODULES = YES;
				CLANG_ENABLE_OBJC_ARC = YES;
				CLANG_ENABLE_OBJC_WEAK = YES;
				CLANG_WARN_BLOCK_CAPTURE_AUTORELEASING = YES;
				CLANG_WARN_BOOL_CONVERSION = YES;
				CLANG_WARN_COMMA = YES;
				CLANG_WARN_CONSTANT_CONVERSION = YES;
				CLANG_WARN_DEPRECATED_OBJC_IMPLEMENTATIONS = YES;
				CLANG_WARN_DIRECT_OBJC_ISA_USAGE = YES_ERROR;
				CLANG_WARN_DOCUMENTATION_COMMENTS = YES;
				CLANG_WARN_EMPTY_BODY = YES;
				CLANG_WARN_ENUM_CONVERSION = YES;
				CLANG_WARN_INFINITE_RECURSION = YES;
				CLANG_WARN_INT_CONVERSION = YES;
				CLANG_WARN_NON_LITERAL_NULL_CONVERSION = YES;
				CLANG_WARN_OBJC_IMPLICIT_RETAIN_SELF = YES;
				CLANG_WARN_OBJC_LITERAL_CONVERSION = YES;
				CLANG_WARN_OBJC_ROOT_CLASS = YES_ERROR;
				CLANG_WARN_RANGE_LOOP_ANALYSIS = YES;
				CLANG_WARN_STRICT_PROTOTYPES = YES;
				CLANG_WARN_SUSPICIOUS_MOVE = YES;
				CLANG_WARN_UNGUARDED_AVAILABILITY = YES_AGGRESSIVE;
				CLANG_WARN_UNREACHABLE_CODE = YES;
				CLANG_WARN__DUPLICATE_METHOD_MATCH = YES;
				COPY_PHASE_STRIP = NO;
				DEBUG_INFORMATION_FORMAT = dwarf;
				ENABLE_STRICT_OBJC_MSGSEND = YES;
				ENABLE_TESTABILITY = YES;
				GCC_C_LANGUAGE_STANDARD = gnu11;
				GCC_DYNAMIC_NO_PIC = NO;
				GCC_NO_COMMON_BLOCKS = YES;
				GCC_OPTIMIZATION_LEVEL = 0;
				GCC_PREPROCESSOR_DEFINITIONS = (
					"DEBUG=1",
					"$(inherited)",
				);
				GCC_WARN_64_TO_32_BIT_CONVERSION = YES;
				GCC_WARN_ABOUT_RETURN_TYPE = YES_ERROR;
				GCC_WARN_UNDECLARED_SELECTOR = YES;
				GCC_WARN_UNINITIALIZED_AUTOS = YES_AGGRESSIVE;
				GCC_WARN_UNUSED_FUNCTION = YES;
				GCC_WARN_UNUSED_VARIABLE = YES;
				IPHONEOS_DEPLOYMENT_TARGET = 13.2;
				MTL_ENABLE_DEBUG_INFO = INCLUDE_SOURCE;
				MTL_FAST_MATH = YES;
				ONLY_ACTIVE_ARCH = YES;
				SDKROOT = iphoneos;
				SWIFT_ACTIVE_COMPILATION_CONDITIONS = DEBUG;
				SWIFT_OPTIMIZATION_LEVEL = "-Onone";
			};
			name = Debug;
		};
		8B9EFDA523E1F9AE00992C5B /* Release */ = {
			isa = XCBuildConfiguration;
			buildSettings = {
				ALWAYS_SEARCH_USER_PATHS = NO;
				CLANG_ANALYZER_NONNULL = YES;
				CLANG_ANALYZER_NUMBER_OBJECT_CONVERSION = YES_AGGRESSIVE;
				CLANG_CXX_LANGUAGE_STANDARD = "gnu++14";
				CLANG_CXX_LIBRARY = "libc++";
				CLANG_ENABLE_MODULES = YES;
				CLANG_ENABLE_OBJC_ARC = YES;
				CLANG_ENABLE_OBJC_WEAK = YES;
				CLANG_WARN_BLOCK_CAPTURE_AUTORELEASING = YES;
				CLANG_WARN_BOOL_CONVERSION = YES;
				CLANG_WARN_COMMA = YES;
				CLANG_WARN_CONSTANT_CONVERSION = YES;
				CLANG_WARN_DEPRECATED_OBJC_IMPLEMENTATIONS = YES;
				CLANG_WARN_DIRECT_OBJC_ISA_USAGE = YES_ERROR;
				CLANG_WARN_DOCUMENTATION_COMMENTS = YES;
				CLANG_WARN_EMPTY_BODY = YES;
				CLANG_WARN_ENUM_CONVERSION = YES;
				CLANG_WARN_INFINITE_RECURSION = YES;
				CLANG_WARN_INT_CONVERSION = YES;
				CLANG_WARN_NON_LITERAL_NULL_CONVERSION = YES;
				CLANG_WARN_OBJC_IMPLICIT_RETAIN_SELF = YES;
				CLANG_WARN_OBJC_LITERAL_CONVERSION = YES;
				CLANG_WARN_OBJC_ROOT_CLASS = YES_ERROR;
				CLANG_WARN_RANGE_LOOP_ANALYSIS = YES;
				CLANG_WARN_STRICT_PROTOTYPES = YES;
				CLANG_WARN_SUSPICIOUS_MOVE = YES;
				CLANG_WARN_UNGUARDED_AVAILABILITY = YES_AGGRESSIVE;
				CLANG_WARN_UNREACHABLE_CODE = YES;
				CLANG_WARN__DUPLICATE_METHOD_MATCH = YES;
				COPY_PHASE_STRIP = NO;
				DEBUG_INFORMATION_FORMAT = "dwarf-with-dsym";
				ENABLE_NS_ASSERTIONS = NO;
				ENABLE_STRICT_OBJC_MSGSEND = YES;
				GCC_C_LANGUAGE_STANDARD = gnu11;
				GCC_NO_COMMON_BLOCKS = YES;
				GCC_WARN_64_TO_32_BIT_CONVERSION = YES;
				GCC_WARN_ABOUT_RETURN_TYPE = YES_ERROR;
				GCC_WARN_UNDECLARED_SELECTOR = YES;
				GCC_WARN_UNINITIALIZED_AUTOS = YES_AGGRESSIVE;
				GCC_WARN_UNUSED_FUNCTION = YES;
				GCC_WARN_UNUSED_VARIABLE = YES;
				IPHONEOS_DEPLOYMENT_TARGET = 13.2;
				MTL_ENABLE_DEBUG_INFO = NO;
				MTL_FAST_MATH = YES;
				SDKROOT = iphoneos;
				SWIFT_COMPILATION_MODE = wholemodule;
				SWIFT_OPTIMIZATION_LEVEL = "-O";
				VALIDATE_PRODUCT = YES;
			};
			name = Release;
		};
		8B9EFDA723E1F9AE00992C5B /* Debug */ = {
			isa = XCBuildConfiguration;
			buildSettings = {
				ASSETCATALOG_COMPILER_APPICON_NAME = AppIcon;
				CODE_SIGN_STYLE = Automatic;
				DEVELOPMENT_TEAM = 22X392BR3X;
				INFOPLIST_FILE = Deer/Info.plist;
				LD_RUNPATH_SEARCH_PATHS = (
					"$(inherited)",
					"@executable_path/Frameworks",
				);
				MARKETING_VERSION = 5.0;
				PRODUCT_BUNDLE_IDENTIFIER = com.triare.Deer;
				PRODUCT_NAME = "$(TARGET_NAME)";
				SWIFT_VERSION = 5.0;
				TARGETED_DEVICE_FAMILY = "1,2";
			};
			name = Debug;
		};
		8B9EFDA823E1F9AE00992C5B /* Release */ = {
			isa = XCBuildConfiguration;
			buildSettings = {
				ASSETCATALOG_COMPILER_APPICON_NAME = AppIcon;
				CODE_SIGN_STYLE = Automatic;
				DEVELOPMENT_TEAM = 22X392BR3X;
				INFOPLIST_FILE = Deer/Info.plist;
				LD_RUNPATH_SEARCH_PATHS = (
					"$(inherited)",
					"@executable_path/Frameworks",
				);
				MARKETING_VERSION = 5.0;
				PRODUCT_BUNDLE_IDENTIFIER = com.triare.Deer;
				PRODUCT_NAME = "$(TARGET_NAME)";
				SWIFT_VERSION = 5.0;
				TARGETED_DEVICE_FAMILY = "1,2";
			};
			name = Release;
		};
/* End XCBuildConfiguration section */

/* Begin XCConfigurationList section */
		8B9EFD8D23E1F99C00992C5B /* Build configuration list for PBXProject "Deer" */ = {
			isa = XCConfigurationList;
			buildConfigurations = (
				8B9EFDA423E1F9AE00992C5B /* Debug */,
				8B9EFDA523E1F9AE00992C5B /* Release */,
			);
			defaultConfigurationIsVisible = 0;
			defaultConfigurationName = Release;
		};
		8B9EFDA623E1F9AE00992C5B /* Build configuration list for PBXNativeTarget "Deer" */ = {
			isa = XCConfigurationList;
			buildConfigurations = (
				8B9EFDA723E1F9AE00992C5B /* Debug */,
				8B9EFDA823E1F9AE00992C5B /* Release */,
			);
			defaultConfigurationIsVisible = 0;
			defaultConfigurationName = Release;
		};
/* End XCConfigurationList section */
	};
	rootObject = 8B9EFD8A23E1F99C00992C5B /* Project object */;
}
